<?xml version="1.0" encoding="UTF-8" standalone="yes" ?>
<CodeBlocks_project_file>
	<FileVersion major="1" minor="6" />
	<Project>
		<Option title="SistemaGestionFerreteria" />
		<Option pch_mode="2" />
		<Option compiler="gcc" />
		<Build>
			<Target title="Debug">
				<Option output="bin/Debug/SistemaGestionFerreteria" prefix_auto="1" extension_auto="1" />
				<Option object_output="obj/Debug/" />
				<Option type="1" />
				<Option compiler="gcc" />
				<Compiler>
					<Add option="-g" />
				</Compiler>
			</Target>
			<Target title="Release">
				<Option output="bin/Release/SistemaGestionFerreteria" prefix_auto="1" extension_auto="1" />
				<Option object_output="obj/Release/" />
				<Option type="1" />
				<Option compiler="gcc" />
				<Compiler>
					<Add option="-O2" />
				</Compiler>
				<Linker>
					<Add option="-s" />
				</Linker>
			</Target>
		</Build>
		<Compiler>
			<Add option="-Wall" />
			<Add option="-fexceptions" />
		</Compiler>
		<Unit filename="Compra.cpp" />
		<Unit filename="Compra.h">
			<Option target="&lt;{~None~}&gt;" />
		</Unit>
		<Unit filename="CompraArchivo.cpp" />
		<Unit filename="CompraArchivo.h" />
		<Unit filename="DetalleCompra.cpp" />
		<Unit filename="DetalleCompra.h" />
		<Unit filename="DetalleCompraArchivo.cpp" />
		<Unit filename="DetalleCompraArchivo.h" />
		<Unit filename="DetalleVenta.cpp" />
		<Unit filename="DetalleVenta.h" />
		<Unit filename="DetalleVentaArchivo.cpp" />
		<Unit filename="DetalleVentaArchivo.h" />
		<Unit filename="Fecha.cpp" />
		<Unit filename="Fecha.h">
			<Option target="&lt;{~None~}&gt;" />
		</Unit>
		<Unit filename="FerreteriaManager.cpp" />
		<Unit filename="FerreteriaManager.h">
			<Option target="&lt;{~None~}&gt;" />
		</Unit>
		<Unit filename="MenuCompra.cpp" />
		<Unit filename="MenuCompra.h">
			<Option target="&lt;{~None~}&gt;" />
		</Unit>
		<Unit filename="MenuInforme.cpp" />
		<Unit filename="MenuInforme.h" />
		<Unit filename="MenuProducto.cpp" />
		<Unit filename="MenuProducto.h">
			<Option target="&lt;{~None~}&gt;" />
		</Unit>
		<Unit filename="MenuProveedor.cpp" />
		<Unit filename="MenuProveedor.h">
			<Option target="&lt;{~None~}&gt;" />
		</Unit>
		<Unit filename="MenuVenta.cpp" />
		<Unit filename="MenuVenta.h" />
		<Unit filename="Producto.cpp" />
		<Unit filename="Producto.h">
			<Option target="&lt;{~None~}&gt;" />
		</Unit>
		<Unit filename="ProductoArchivo.cpp" />
		<Unit filename="ProductoArchivo.h" />
		<Unit filename="Proveedor.cpp" />
		<Unit filename="Proveedor.h">
			<Option target="&lt;{~None~}&gt;" />
		</Unit>
		<Unit filename="ProveedorArchivo.cpp" />
		<Unit filename="ProveedorArchivo.h" />
		<Unit filename="Venta.cpp" />
		<Unit filename="Venta.h">
			<Option target="&lt;{~None~}&gt;" />
		</Unit>
		<Unit filename="VentaArchivo.cpp" />
		<Unit filename="VentaArchivo.h" />
		<Unit filename="main.cpp" />
		<Extensions>
			<lib_finder disable_auto="1" />
		</Extensions>
	</Project>
</CodeBlocks_project_file>
